
Microsoft Visual Studio Solution File, Format Version 12.00
# Visual Studio 15
Project("{FAE04EC0-301F-11D3-BF4B-00C04F79EFBC}") = "Assembly-CSharp", "Assembly-CSharp.csproj", "{88661D70-FAB4-024F-314A-1320A4B5010F}"
EndProject
Global
	GlobalSection(SolutionConfigurationPlatforms) = preSolution
		Debug|Any CPU = Debug|Any CPU
		Release|Any CPU = Release|Any CPU
	EndGlobalSection
	GlobalSection(ProjectConfigurationPlatforms) = postSolution
		{88661D70-FAB4-024F-314A-1320A4B5010F}.Debug|Any CPU.ActiveCfg = Debug|Any CPU
		{88661D70-FAB4-024F-314A-1320A4B5010F}.Debug|Any CPU.Build.0 = Debug|Any CPU
		{88661D70-FAB4-024F-314A-1320A4B5010F}.Release|Any CPU.ActiveCfg = Release|Any CPU
		{88661D70-FAB4-024F-314A-1320A4B5010F}.Release|Any CPU.Build.0 = Release|Any CPU
	EndGlobalSection
	GlobalSection(SolutionProperties) = preSolution
		HideSolutionNode = FALSE
	EndGlobalSection
EndGlobal
